
Microsoft Visual Studio Solution File, Format Version 12.00
# Visual Studio Version 16
VisualStudioVersion = 16.0.31702.278
MinimumVisualStudioVersion = 10.0.40219.1
Project("{FAE04EC0-301F-11D3-BF4B-00C04F79EFBC}") = "MVCApplicationY", "MVCApplicationY\MVCApplicationY.csproj", "{AEDA1D01-660B-45FE-A3DA-288734CA6807}"
EndProject
Project("{FAE04EC0-301F-11D3-BF4B-00C04F79EFBC}") = "MVCApplicationY.Tests", "MVCApplicationY.Tests\MVCApplicationY.Tests.csproj", "{FCACEECF-CE3C-4DEA-A8E8-6E985E5095CB}"
EndProject
Global
	GlobalSection(SolutionConfigurationPlatforms) = preSolution
		Debug|Any CPU = Debug|Any CPU
		Release|Any CPU = Release|Any CPU
	EndGlobalSection
	GlobalSection(ProjectConfigurationPlatforms) = postSolution
		{AEDA1D01-660B-45FE-A3DA-288734CA6807}.Debug|Any CPU.ActiveCfg = Debug|Any CPU
		{AEDA1D01-660B-45FE-A3DA-288734CA6807}.Debug|Any CPU.Build.0 = Debug|Any CPU
		{AEDA1D01-660B-45FE-A3DA-288734CA6807}.Release|Any CPU.ActiveCfg = Release|Any CPU
		{AEDA1D01-660B-45FE-A3DA-288734CA6807}.Release|Any CPU.Build.0 = Release|Any CPU
		{FCACEECF-CE3C-4DEA-A8E8-6E985E5095CB}.Debug|Any CPU.ActiveCfg = Debug|Any CPU
		{FCACEECF-CE3C-4DEA-A8E8-6E985E5095CB}.Debug|Any CPU.Build.0 = Debug|Any CPU
		{FCACEECF-CE3C-4DEA-A8E8-6E985E5095CB}.Release|Any CPU.ActiveCfg = Release|Any CPU
		{FCACEECF-CE3C-4DEA-A8E8-6E985E5095CB}.Release|Any CPU.Build.0 = Release|Any CPU
	EndGlobalSection
	GlobalSection(SolutionProperties) = preSolution
		HideSolutionNode = FALSE
	EndGlobalSection
	GlobalSection(ExtensibilityGlobals) = postSolution
		SolutionGuid = {CF50A678-7649-4733-9480-E4DF74412ADE}
	EndGlobalSection
EndGlobal
